// !$*UTF8*$!
{
	archiveVersion = 1;
	classes = {
	};
	objectVersion = 46;
	objects = {

/* Begin PBXBuildFile section */
		910A1F981D25BF1F0072BF1E /* AppDelegate.swift in Sources */ = {isa = PBXBuildFile; fileRef = 910A1F971D25BF1F0072BF1E /* AppDelegate.swift */; };
		910A1F9A1D25BF1F0072BF1E /* ViewController.swift in Sources */ = {isa = PBXBuildFile; fileRef = 910A1F991D25BF1F0072BF1E /* ViewController.swift */; };
		910A1F9D1D25BF1F0072BF1E /* Main.storyboard in Resources */ = {isa = PBXBuildFile; fileRef = 910A1F9B1D25BF1F0072BF1E /* Main.storyboard */; };
		910A1F9F1D25BF1F0072BF1E /* Assets.xcassets in Resources */ = {isa = PBXBuildFile; fileRef = 910A1F9E1D25BF1F0072BF1E /* Assets.xcassets */; };
		910A1FA21D25BF1F0072BF1E /* LaunchScreen.storyboard in Resources */ = {isa = PBXBuildFile; fileRef = 910A1FA01D25BF1F0072BF1E /* LaunchScreen.storyboard */; };
/* End PBXBuildFile section */

/* Begin PBXFileReference section */
		910A1F941D25BF1F0072BF1E /* Layout.app */ = {isa = PBXFileReference; explicitFileType = wrapper.application; includeInIndex = 0; path = Layout.app; sourceTree = BUILT_PRODUCTS_DIR; };
		910A1F971D25BF1F0072BF1E /* AppDelegate.swift */ = {isa = PBXFileReference; lastKnownFileType = sourcecode.swift; path = AppDelegate.swift; sourceTree = "<group>"; };
		910A1F991D25BF1F0072BF1E /* ViewController.swift */ = {isa = PBXFileReference; lastKnownFileType = sourcecode.swift; path = ViewController.swift; sourceTree = "<group>"; };
		910A1F9C1D25BF1F0072BF1E /* Base */ = {isa = PBXFileReference; lastKnownFileType = file.storyboard; name = Base; path = Base.lproj/Main.storyboard; sourceTree = "<group>"; };
		910A1F9E1D25BF1F0072BF1E /* Assets.xcassets */ = {isa = PBXFileReference; lastKnownFileType = folder.assetcatalog; path = Assets.xcassets; sourceTree = "<group>"; };
		910A1FA11D25BF1F0072BF1E /* Base */ = {isa = PBXFileReference; lastKnownFileType = file.storyboard; name = Base; path = Base.lproj/LaunchScreen.storyboard; sourceTree = "<group>"; };
		910A1FA31D25BF1F0072BF1E /* Info.plist */ = {isa = PBXFileReference; lastKnownFileType = text.plist.xml; path = Info.plist; sourceTree = "<group>"; };
/* End PBXFileReference section */

/* Begin PBXFrameworksBuildPhase section */
		910A1F911D25BF1F0072BF1E /* Frameworks */ = {
			isa = PBXFrameworksBuildPhase;
			buildActionMask = 2147483647;
			files = (
			);
			runOnlyForDeploymentPostprocessing = 0;
		};
/* End PBXFrameworksBuildPhase section */

/* Begin PBXGroup section */
		910A1F8B1D25BF1F0072BF1E = {
			isa = PBXGroup;
			children = (
				910A1F961D25BF1F0072BF1E /* Layout */,
				910A1F951D25BF1F0072BF1E /* Products */,
			);
			sourceTree = "<group>";
		};
		910A1F951D25BF1F0072BF1E /* Products */ = {
			isa = PBXGroup;
			children = (
				910A1F941D25BF1F0072BF1E /* Layout.app */,
			);
			name = Products;
			sourceTree = "<group>";
		};
		910A1F961D25BF1F0072BF1E /* Layout */ = {
			isa = PBXGroup;
			children = (
				910A1F971D25BF1F0072BF1E /* AppDelegate.swift */,
				910A1F991D25BF1F0072BF1E /* ViewController.swift */,
				910A1F9B1D25BF1F0072BF1E /* Main.storyboard */,
				910A1F9E1D25BF1F0072BF1E /* Assets.xcassets */,
				910A1FA01D25BF1F0072BF1E /* LaunchScreen.storyboard */,
				910A1FA31D25BF1F0072BF1E /* Info.plist */,
			);
			path = Layout;
			sourceTree = "<group>";
		};
/* End PBXGroup section */

/* Begin PBXNativeTarget section */
		910A1F931D25BF1F0072BF1E /* Layout */ = {
			isa = PBXNativeTarget;
			buildConfigurationList = 910A1FA61D25BF1F0072BF1E /* Build configuration list for PBXNativeTarget "Layout" */;
			buildPhases = (
				910A1F901D25BF1F0072BF1E /* Sources */,
				910A1F911D25BF1F0072BF1E /* Frameworks */,
				910A1F921D25BF1F0072BF1E /* Resources */,
			);
			buildRules = (
			);
			dependencies = (
			);
			name = Layout;
			productName = Layout;
			productReference = 910A1F941D25BF1F0072BF1E /* Layout.app */;
			productType = "com.apple.product-type.application";
		};
/* End PBXNativeTarget section */

/* Begin PBXProject section */
		910A1F8C1D25BF1F0072BF1E /* Project object */ = {
			isa = PBXProject;
			attributes = {
				LastSwiftUpdateCheck = 0800;
				LastUpgradeCheck = 0800;
				ORGANIZATIONNAME = MollyMaskrey;
				TargetAttributes = {
					910A1F931D25BF1F0072BF1E = {
						CreatedOnToolsVersion = 8.0;
						DevelopmentTeam = W3TQ3J976L;
						DevelopmentTeamName = "Molly Maskrey";
						ProvisioningStyle = Automatic;
					};
				};
			};
			buildConfigurationList = 910A1F8F1D25BF1F0072BF1E /* Build configuration list for PBXProject "Layout" */;
			compatibilityVersion = "Xcode 3.2";
			developmentRegion = English;
			hasScannedForEncodings = 0;
			knownRegions = (
				en,
				Base,
			);
			mainGroup = 910A1F8B1D25BF1F0072BF1E;
			productRefGroup = 910A1F951D25BF1F0072BF1E /* Products */;
			projectDirPath = "";
			projectRoot = "";
			targets = (
				910A1F931D25BF1F0072BF1E /* Layout */,
			);
		};
/* End PBXProject section */

/* Begin PBXResourcesBuildPhase section */
		910A1F921D25BF1F0072BF1E /* Resources */ = {
			isa = PBXResourcesBuildPhase;
			buildActionMask = 2147483647;
			files = (
				910A1FA21D25BF1F0072BF1E /* LaunchScreen.storyboard in Resources */,
				910A1F9F1D25BF1F0072BF1E /* Assets.xcassets in Resources */,
				910A1F9D1D25BF1F0072BF1E /* Main.storyboard in Resources */,
			);
			runOnlyForDeploymentPostprocessing = 0;
		};
/* End PBXResourcesBuildPhase section */

/* Begin PBXSourcesBuildPhase section */
		910A1F901D25BF1F0072BF1E /* Sources */ = {
			isa = PBXSourcesBuildPhase;
			buildActionMask = 2147483647;
			files = (
				910A1F9A1D25BF1F0072BF1E /* ViewController.swift in Sources */,
				910A1F981D25BF1F0072BF1E /* AppDelegate.swift in Sources */,
			);
			runOnlyForDeploymentPostprocessing = 0;
		};
/* End PBXSourcesBuildPhase section */

/* Begin PBXVariantGroup section */
		910A1F9B1D25BF1F0072BF1E /* Main.storyboard */ = {
			isa = PBXVariantGroup;
			children = (
				910A1F9C1D25BF1F0072BF1E /* Base */,
			);
			name = Main.storyboard;
			sourceTree = "<group>";
		};
		910A1FA01D25BF1F0072BF1E /* LaunchScreen.storyboard */ = {
			isa = PBXVariantGroup;
			children = (
				910A1FA11D25BF1F0072BF1E /* Base */,
			);
			name = LaunchScreen.storyboard;
			sourceTree = "<group>";
		};
/* End PBXVariantGroup section */

/* Begin XCBuildConfiguration section */
		910A1FA41D25BF1F0072BF1E /* Debug */ = {
			isa = XCBuildConfiguration;
			buildSettings = {
				ALWAYS_SEARCH_USER_PATHS = NO;
				CLANG_ANALYZER_NONNULL = YES;
				CLANG_CXX_LANGUAGE_STANDARD = "gnu++0x";
				CLANG_CXX_LIBRARY = "libc++";
				CLANG_ENABLE_MODULES = YES;
				CLANG_ENABLE_OBJC_ARC = YES;
				CLANG_WARN_BOOL_CONVERSION = YES;
				CLANG_WARN_CONSTANT_CONVERSION = YES;
				CLANG_WARN_DIRECT_OBJC_ISA_USAGE = YES_ERROR;
				CLANG_WARN_DOCUMENTATION_COMMENTS = YES;
				CLANG_WARN_EMPTY_BODY = YES;
				CLANG_WARN_ENUM_CONVERSION = YES;
				CLANG_WARN_INT_CONVERSION = YES;
				CLANG_WARN_OBJC_ROOT_CLASS = YES_ERROR;
				CLANG_WARN_UNREACHABLE_CODE = YES;
				CLANG_WARN__DUPLICATE_METHOD_MATCH = YES;
				"CODE_SIGN_IDENTITY[sdk=iphoneos*]" = "iPhone Developer";
				COPY_PHASE_STRIP = NO;
				DEBUG_INFORMATION_FORMAT = dwarf;
				ENABLE_STRICT_OBJC_MSGSEND = YES;
				ENABLE_TESTABILITY = YES;
				GCC_C_LANGUAGE_STANDARD = gnu99;
				GCC_DYNAMIC_NO_PIC = NO;
				GCC_NO_COMMON_BLOCKS = YES;
				GCC_OPTIMIZATION_LEVEL = 0;
				GCC_PREPROCESSOR_DEFINITIONS = (
					"DEBUG=1",
					"$(inherited)",
				);
				GCC_WARN_64_TO_32_BIT_CONVERSION = YES;
				GCC_WARN_ABOUT_RETURN_TYPE = YES_ERROR;
				GCC_WARN_UNDECLARED_SELECTOR = YES;
				GCC_WARN_UNINITIALIZED_AUTOS = YES_AGGRESSIVE;
				GCC_WARN_UNUSED_FUNCTION = YES;
				GCC_WARN_UNUSED_VARIABLE = YES;
				IPHONEOS_DEPLOYMENT_TARGET = 10.0;
				MTL_ENABLE_DEBUG_INFO = YES;
				ONLY_ACTIVE_ARCH = YES;
				SDKROOT = iphoneos;
				SWIFT_ACTIVE_COMPILATION_CONDITIONS = DEBUG;
				SWIFT_OPTIMIZATION_LEVEL = "-Onone";
				TARGETED_DEVICE_FAMILY = "1,2";
			};
			name = Debug;
		};
		910A1FA51D25BF1F0072BF1E /* Release */ = {
			isa = XCBuildConfiguration;
			buildSettings = {
				ALWAYS_SEARCH_USER_PATHS = NO;
				CLANG_ANALYZER_NONNULL = YES;
				CLANG_CXX_LANGUAGE_STANDARD = "gnu++0x";
				CLANG_CXX_LIBRARY = "libc++";
				CLANG_ENABLE_MODULES = YES;
				CLANG_ENABLE_OBJC_ARC = YES;
				CLANG_WARN_BOOL_CONVERSION = YES;
				CLANG_WARN_CONSTANT_CONVERSION = YES;
				CLANG_WARN_DIRECT_OBJC_ISA_USAGE = YES_ERROR;
				CLANG_WARN_DOCUMENTATION_COMMENTS = YES;
				CLANG_WARN_EMPTY_BODY = YES;
				CLANG_WARN_ENUM_CONVERSION = YES;
				CLANG_WARN_INT_CONVERSION = YES;
				CLANG_WARN_OBJC_ROOT_CLASS = YES_ERROR;
				CLANG_WARN_UNREACHABLE_CODE = YES;
				CLANG_WARN__DUPLICATE_METHOD_MATCH = YES;
				"CODE_SIGN_IDENTITY[sdk=iphoneos*]" = "iPhone Developer";
				COPY_PHASE_STRIP = NO;
				DEBUG_INFORMATION_FORMAT = "dwarf-with-dsym";
				ENABLE_NS_ASSERTIONS = NO;
				ENABLE_STRICT_OBJC_MSGSEND = YES;
				GCC_C_LANGUAGE_STANDARD = gnu99;
				GCC_NO_COMMON_BLOCKS = YES;
				GCC_WARN_64_TO_32_BIT_CONVERSION = YES;
				GCC_WARN_ABOUT_RETURN_TYPE = YES_ERROR;
				GCC_WARN_UNDECLARED_SELECTOR = YES;
				GCC_WARN_UNINITIALIZED_AUTOS = YES_AGGRESSIVE;
				GCC_WARN_UNUSED_FUNCTION = YES;
				GCC_WARN_UNUSED_VARIABLE = YES;
				IPHONEOS_DEPLOYMENT_TARGET = 10.0;
				MTL_ENABLE_DEBUG_INFO = NO;
				SDKROOT = iphoneos;
				SWIFT_OPTIMIZATION_LEVEL = "-Owholemodule";
				TARGETED_DEVICE_FAMILY = "1,2";
				VALIDATE_PRODUCT = YES;
			};
			name = Release;
		};
		910A1FA71D25BF1F0072BF1E /* Debug */ = {
			isa = XCBuildConfiguration;
			buildSettings = {
				ASSETCATALOG_COMPILER_APPICON_NAME = AppIcon;
				INFOPLIST_FILE = Layout/Info.plist;
				LD_RUNPATH_SEARCH_PATHS = "$(inherited) @executable_path/Frameworks";
				PRODUCT_BUNDLE_IDENTIFIER = com.mollymaskrey.Layout;
				PRODUCT_NAME = "$(TARGET_NAME)";
				SWIFT_VERSION = 3.0;
			};
			name = Debug;
		};
		910A1FA81D25BF1F0072BF1E /* Release */ = {
			isa = XCBuildConfiguration;
			buildSettings = {
				ASSETCATALOG_COMPILER_APPICON_NAME = AppIcon;
				INFOPLIST_FILE = Layout/Info.plist;
				LD_RUNPATH_SEARCH_PATHS = "$(inherited) @executable_path/Frameworks";
				PRODUCT_BUNDLE_IDENTIFIER = com.mollymaskrey.Layout;
				PRODUCT_NAME = "$(TARGET_NAME)";
				SWIFT_VERSION = 3.0;
			};
			name = Release;
		};
/* End XCBuildConfiguration section */

/* Begin XCConfigurationList section */
		910A1F8F1D25BF1F0072BF1E /* Build configuration list for PBXProject "Layout" */ = {
			isa = XCConfigurationList;
			buildConfigurations = (
				910A1FA41D25BF1F0072BF1E /* Debug */,
				910A1FA51D25BF1F0072BF1E /* Release */,
			);
			defaultConfigurationIsVisible = 0;
			defaultConfigurationName = Release;
		};
		910A1FA61D25BF1F0072BF1E /* Build configuration list for PBXNativeTarget "Layout" */ = {
			isa = XCConfigurationList;
			buildConfigurations = (
				910A1FA71D25BF1F0072BF1E /* Debug */,
				910A1FA81D25BF1F0072BF1E /* Release */,
			);
			defaultConfigurationIsVisible = 0;
		};
/* End XCConfigurationList section */
	};
	rootObject = 910A1F8C1D25BF1F0072BF1E /* Project object */;
}
