// !$*UTF8*$!
{
	archiveVersion = 1;
	classes = {
	};
	objectVersion = 46;
	objects = {

/* Begin PBXBuildFile section */
		91E7E7E31D2EB5B500D3BF97 /* AppDelegate.swift in Sources */ = {isa = PBXBuildFile; fileRef = 91E7E7E21D2EB5B500D3BF97 /* AppDelegate.swift */; };
		91E7E7E51D2EB5B500D3BF97 /* ViewController.swift in Sources */ = {isa = PBXBuildFile; fileRef = 91E7E7E41D2EB5B500D3BF97 /* ViewController.swift */; };
		91E7E7E81D2EB5B500D3BF97 /* Main.storyboard in Resources */ = {isa = PBXBuildFile; fileRef = 91E7E7E61D2EB5B500D3BF97 /* Main.storyboard */; };
		91E7E7EA1D2EB5B500D3BF97 /* Assets.xcassets in Resources */ = {isa = PBXBuildFile; fileRef = 91E7E7E91D2EB5B500D3BF97 /* Assets.xcassets */; };
		91E7E7ED1D2EB5B500D3BF97 /* LaunchScreen.storyboard in Resources */ = {isa = PBXBuildFile; fileRef = 91E7E7EB1D2EB5B500D3BF97 /* LaunchScreen.storyboard */; };
/* End PBXBuildFile section */

/* Begin PBXFileReference section */
		91E7E7DF1D2EB5B500D3BF97 /* Simple Table.app */ = {isa = PBXFileReference; explicitFileType = wrapper.application; includeInIndex = 0; path = "Simple Table.app"; sourceTree = BUILT_PRODUCTS_DIR; };
		91E7E7E21D2EB5B500D3BF97 /* AppDelegate.swift */ = {isa = PBXFileReference; lastKnownFileType = sourcecode.swift; path = AppDelegate.swift; sourceTree = "<group>"; };
		91E7E7E41D2EB5B500D3BF97 /* ViewController.swift */ = {isa = PBXFileReference; lastKnownFileType = sourcecode.swift; path = ViewController.swift; sourceTree = "<group>"; };
		91E7E7E71D2EB5B500D3BF97 /* Base */ = {isa = PBXFileReference; lastKnownFileType = file.storyboard; name = Base; path = Base.lproj/Main.storyboard; sourceTree = "<group>"; };
		91E7E7E91D2EB5B500D3BF97 /* Assets.xcassets */ = {isa = PBXFileReference; lastKnownFileType = folder.assetcatalog; path = Assets.xcassets; sourceTree = "<group>"; };
		91E7E7EC1D2EB5B500D3BF97 /* Base */ = {isa = PBXFileReference; lastKnownFileType = file.storyboard; name = Base; path = Base.lproj/LaunchScreen.storyboard; sourceTree = "<group>"; };
		91E7E7EE1D2EB5B500D3BF97 /* Info.plist */ = {isa = PBXFileReference; lastKnownFileType = text.plist.xml; path = Info.plist; sourceTree = "<group>"; };
/* End PBXFileReference section */

/* Begin PBXFrameworksBuildPhase section */
		91E7E7DC1D2EB5B500D3BF97 /* Frameworks */ = {
			isa = PBXFrameworksBuildPhase;
			buildActionMask = 2147483647;
			files = (
			);
			runOnlyForDeploymentPostprocessing = 0;
		};
/* End PBXFrameworksBuildPhase section */

/* Begin PBXGroup section */
		91E7E7D61D2EB5B500D3BF97 = {
			isa = PBXGroup;
			children = (
				91E7E7E11D2EB5B500D3BF97 /* Simple Table */,
				91E7E7E01D2EB5B500D3BF97 /* Products */,
			);
			sourceTree = "<group>";
		};
		91E7E7E01D2EB5B500D3BF97 /* Products */ = {
			isa = PBXGroup;
			children = (
				91E7E7DF1D2EB5B500D3BF97 /* Simple Table.app */,
			);
			name = Products;
			sourceTree = "<group>";
		};
		91E7E7E11D2EB5B500D3BF97 /* Simple Table */ = {
			isa = PBXGroup;
			children = (
				91E7E7E21D2EB5B500D3BF97 /* AppDelegate.swift */,
				91E7E7E41D2EB5B500D3BF97 /* ViewController.swift */,
				91E7E7E61D2EB5B500D3BF97 /* Main.storyboard */,
				91E7E7E91D2EB5B500D3BF97 /* Assets.xcassets */,
				91E7E7EB1D2EB5B500D3BF97 /* LaunchScreen.storyboard */,
				91E7E7EE1D2EB5B500D3BF97 /* Info.plist */,
			);
			path = "Simple Table";
			sourceTree = "<group>";
		};
/* End PBXGroup section */

/* Begin PBXNativeTarget section */
		91E7E7DE1D2EB5B500D3BF97 /* Simple Table */ = {
			isa = PBXNativeTarget;
			buildConfigurationList = 91E7E7F11D2EB5B500D3BF97 /* Build configuration list for PBXNativeTarget "Simple Table" */;
			buildPhases = (
				91E7E7DB1D2EB5B500D3BF97 /* Sources */,
				91E7E7DC1D2EB5B500D3BF97 /* Frameworks */,
				91E7E7DD1D2EB5B500D3BF97 /* Resources */,
			);
			buildRules = (
			);
			dependencies = (
			);
			name = "Simple Table";
			productName = "Simple Table";
			productReference = 91E7E7DF1D2EB5B500D3BF97 /* Simple Table.app */;
			productType = "com.apple.product-type.application";
		};
/* End PBXNativeTarget section */

/* Begin PBXProject section */
		91E7E7D71D2EB5B500D3BF97 /* Project object */ = {
			isa = PBXProject;
			attributes = {
				LastSwiftUpdateCheck = 0800;
				LastUpgradeCheck = 0800;
				ORGANIZATIONNAME = MollyMaskrey;
				TargetAttributes = {
					91E7E7DE1D2EB5B500D3BF97 = {
						CreatedOnToolsVersion = 8.0;
						DevelopmentTeam = W3TQ3J976L;
						DevelopmentTeamName = "Molly Maskrey";
						ProvisioningStyle = Automatic;
					};
				};
			};
			buildConfigurationList = 91E7E7DA1D2EB5B500D3BF97 /* Build configuration list for PBXProject "Simple Table" */;
			compatibilityVersion = "Xcode 3.2";
			developmentRegion = English;
			hasScannedForEncodings = 0;
			knownRegions = (
				en,
				Base,
			);
			mainGroup = 91E7E7D61D2EB5B500D3BF97;
			productRefGroup = 91E7E7E01D2EB5B500D3BF97 /* Products */;
			projectDirPath = "";
			projectRoot = "";
			targets = (
				91E7E7DE1D2EB5B500D3BF97 /* Simple Table */,
			);
		};
/* End PBXProject section */

/* Begin PBXResourcesBuildPhase section */
		91E7E7DD1D2EB5B500D3BF97 /* Resources */ = {
			isa = PBXResourcesBuildPhase;
			buildActionMask = 2147483647;
			files = (
				91E7E7ED1D2EB5B500D3BF97 /* LaunchScreen.storyboard in Resources */,
				91E7E7EA1D2EB5B500D3BF97 /* Assets.xcassets in Resources */,
				91E7E7E81D2EB5B500D3BF97 /* Main.storyboard in Resources */,
			);
			runOnlyForDeploymentPostprocessing = 0;
		};
/* End PBXResourcesBuildPhase section */

/* Begin PBXSourcesBuildPhase section */
		91E7E7DB1D2EB5B500D3BF97 /* Sources */ = {
			isa = PBXSourcesBuildPhase;
			buildActionMask = 2147483647;
			files = (
				91E7E7E51D2EB5B500D3BF97 /* ViewController.swift in Sources */,
				91E7E7E31D2EB5B500D3BF97 /* AppDelegate.swift in Sources */,
			);
			runOnlyForDeploymentPostprocessing = 0;
		};
/* End PBXSourcesBuildPhase section */

/* Begin PBXVariantGroup section */
		91E7E7E61D2EB5B500D3BF97 /* Main.storyboard */ = {
			isa = PBXVariantGroup;
			children = (
				91E7E7E71D2EB5B500D3BF97 /* Base */,
			);
			name = Main.storyboard;
			sourceTree = "<group>";
		};
		91E7E7EB1D2EB5B500D3BF97 /* LaunchScreen.storyboard */ = {
			isa = PBXVariantGroup;
			children = (
				91E7E7EC1D2EB5B500D3BF97 /* Base */,
			);
			name = LaunchScreen.storyboard;
			sourceTree = "<group>";
		};
/* End PBXVariantGroup section */

/* Begin XCBuildConfiguration section */
		91E7E7EF1D2EB5B500D3BF97 /* Debug */ = {
			isa = XCBuildConfiguration;
			buildSettings = {
				ALWAYS_SEARCH_USER_PATHS = NO;
				CLANG_ANALYZER_NONNULL = YES;
				CLANG_CXX_LANGUAGE_STANDARD = "gnu++0x";
				CLANG_CXX_LIBRARY = "libc++";
				CLANG_ENABLE_MODULES = YES;
				CLANG_ENABLE_OBJC_ARC = YES;
				CLANG_WARN_BOOL_CONVERSION = YES;
				CLANG_WARN_CONSTANT_CONVERSION = YES;
				CLANG_WARN_DIRECT_OBJC_ISA_USAGE = YES_ERROR;
				CLANG_WARN_DOCUMENTATION_COMMENTS = YES;
				CLANG_WARN_EMPTY_BODY = YES;
				CLANG_WARN_ENUM_CONVERSION = YES;
				CLANG_WARN_INT_CONVERSION = YES;
				CLANG_WARN_OBJC_ROOT_CLASS = YES_ERROR;
				CLANG_WARN_UNREACHABLE_CODE = YES;
				CLANG_WARN__DUPLICATE_METHOD_MATCH = YES;
				"CODE_SIGN_IDENTITY[sdk=iphoneos*]" = "iPhone Developer";
				COPY_PHASE_STRIP = NO;
				DEBUG_INFORMATION_FORMAT = dwarf;
				ENABLE_STRICT_OBJC_MSGSEND = YES;
				ENABLE_TESTABILITY = YES;
				GCC_C_LANGUAGE_STANDARD = gnu99;
				GCC_DYNAMIC_NO_PIC = NO;
				GCC_NO_COMMON_BLOCKS = YES;
				GCC_OPTIMIZATION_LEVEL = 0;
				GCC_PREPROCESSOR_DEFINITIONS = (
					"DEBUG=1",
					"$(inherited)",
				);
				GCC_WARN_64_TO_32_BIT_CONVERSION = YES;
				GCC_WARN_ABOUT_RETURN_TYPE = YES_ERROR;
				GCC_WARN_UNDECLARED_SELECTOR = YES;
				GCC_WARN_UNINITIALIZED_AUTOS = YES_AGGRESSIVE;
				GCC_WARN_UNUSED_FUNCTION = YES;
				GCC_WARN_UNUSED_VARIABLE = YES;
				IPHONEOS_DEPLOYMENT_TARGET = 10.0;
				MTL_ENABLE_DEBUG_INFO = YES;
				ONLY_ACTIVE_ARCH = YES;
				SDKROOT = iphoneos;
				SWIFT_ACTIVE_COMPILATION_CONDITIONS = DEBUG;
				SWIFT_OPTIMIZATION_LEVEL = "-Onone";
				TARGETED_DEVICE_FAMILY = "1,2";
			};
			name = Debug;
		};
		91E7E7F01D2EB5B500D3BF97 /* Release */ = {
			isa = XCBuildConfiguration;
			buildSettings = {
				ALWAYS_SEARCH_USER_PATHS = NO;
				CLANG_ANALYZER_NONNULL = YES;
				CLANG_CXX_LANGUAGE_STANDARD = "gnu++0x";
				CLANG_CXX_LIBRARY = "libc++";
				CLANG_ENABLE_MODULES = YES;
				CLANG_ENABLE_OBJC_ARC = YES;
				CLANG_WARN_BOOL_CONVERSION = YES;
				CLANG_WARN_CONSTANT_CONVERSION = YES;
				CLANG_WARN_DIRECT_OBJC_ISA_USAGE = YES_ERROR;
				CLANG_WARN_DOCUMENTATION_COMMENTS = YES;
				CLANG_WARN_EMPTY_BODY = YES;
				CLANG_WARN_ENUM_CONVERSION = YES;
				CLANG_WARN_INT_CONVERSION = YES;
				CLANG_WARN_OBJC_ROOT_CLASS = YES_ERROR;
				CLANG_WARN_UNREACHABLE_CODE = YES;
				CLANG_WARN__DUPLICATE_METHOD_MATCH = YES;
				"CODE_SIGN_IDENTITY[sdk=iphoneos*]" = "iPhone Developer";
				COPY_PHASE_STRIP = NO;
				DEBUG_INFORMATION_FORMAT = "dwarf-with-dsym";
				ENABLE_NS_ASSERTIONS = NO;
				ENABLE_STRICT_OBJC_MSGSEND = YES;
				GCC_C_LANGUAGE_STANDARD = gnu99;
				GCC_NO_COMMON_BLOCKS = YES;
				GCC_WARN_64_TO_32_BIT_CONVERSION = YES;
				GCC_WARN_ABOUT_RETURN_TYPE = YES_ERROR;
				GCC_WARN_UNDECLARED_SELECTOR = YES;
				GCC_WARN_UNINITIALIZED_AUTOS = YES_AGGRESSIVE;
				GCC_WARN_UNUSED_FUNCTION = YES;
				GCC_WARN_UNUSED_VARIABLE = YES;
				IPHONEOS_DEPLOYMENT_TARGET = 10.0;
				MTL_ENABLE_DEBUG_INFO = NO;
				SDKROOT = iphoneos;
				SWIFT_OPTIMIZATION_LEVEL = "-Owholemodule";
				TARGETED_DEVICE_FAMILY = "1,2";
				VALIDATE_PRODUCT = YES;
			};
			name = Release;
		};
		91E7E7F21D2EB5B500D3BF97 /* Debug */ = {
			isa = XCBuildConfiguration;
			buildSettings = {
				ASSETCATALOG_COMPILER_APPICON_NAME = AppIcon;
				INFOPLIST_FILE = "Simple Table/Info.plist";
				LD_RUNPATH_SEARCH_PATHS = "$(inherited) @executable_path/Frameworks";
				PRODUCT_BUNDLE_IDENTIFIER = "com.mollymaskrey.Simple-Table";
				PRODUCT_NAME = "$(TARGET_NAME)";
				SWIFT_VERSION = 3.0;
			};
			name = Debug;
		};
		91E7E7F31D2EB5B500D3BF97 /* Release */ = {
			isa = XCBuildConfiguration;
			buildSettings = {
				ASSETCATALOG_COMPILER_APPICON_NAME = AppIcon;
				INFOPLIST_FILE = "Simple Table/Info.plist";
				LD_RUNPATH_SEARCH_PATHS = "$(inherited) @executable_path/Frameworks";
				PRODUCT_BUNDLE_IDENTIFIER = "com.mollymaskrey.Simple-Table";
				PRODUCT_NAME = "$(TARGET_NAME)";
				SWIFT_VERSION = 3.0;
			};
			name = Release;
		};
/* End XCBuildConfiguration section */

/* Begin XCConfigurationList section */
		91E7E7DA1D2EB5B500D3BF97 /* Build configuration list for PBXProject "Simple Table" */ = {
			isa = XCConfigurationList;
			buildConfigurations = (
				91E7E7EF1D2EB5B500D3BF97 /* Debug */,
				91E7E7F01D2EB5B500D3BF97 /* Release */,
			);
			defaultConfigurationIsVisible = 0;
			defaultConfigurationName = Release;
		};
		91E7E7F11D2EB5B500D3BF97 /* Build configuration list for PBXNativeTarget "Simple Table" */ = {
			isa = XCConfigurationList;
			buildConfigurations = (
				91E7E7F21D2EB5B500D3BF97 /* Debug */,
				91E7E7F31D2EB5B500D3BF97 /* Release */,
			);
			defaultConfigurationIsVisible = 0;
		};
/* End XCConfigurationList section */
	};
	rootObject = 91E7E7D71D2EB5B500D3BF97 /* Project object */;
}
