// !$*UTF8*$!
{
	archiveVersion = 1;
	classes = {
	};
	objectVersion = 46;
	objects = {

/* Begin PBXBuildFile section */
		91C3958B1D2C098000A66D90 /* AppDelegate.swift in Sources */ = {isa = PBXBuildFile; fileRef = 91C3958A1D2C098000A66D90 /* AppDelegate.swift */; };
		91C395901D2C098000A66D90 /* Main.storyboard in Resources */ = {isa = PBXBuildFile; fileRef = 91C3958E1D2C098000A66D90 /* Main.storyboard */; };
		91C395921D2C098000A66D90 /* Assets.xcassets in Resources */ = {isa = PBXBuildFile; fileRef = 91C395911D2C098000A66D90 /* Assets.xcassets */; };
		91C395951D2C098000A66D90 /* LaunchScreen.storyboard in Resources */ = {isa = PBXBuildFile; fileRef = 91C395931D2C098000A66D90 /* LaunchScreen.storyboard */; };
		91C3959D1D2C0AF400A66D90 /* SwitchingViewController.swift in Sources */ = {isa = PBXBuildFile; fileRef = 91C3959C1D2C0AF400A66D90 /* SwitchingViewController.swift */; };
		91C3959F1D2C0E5600A66D90 /* BlueViewController.swift in Sources */ = {isa = PBXBuildFile; fileRef = 91C3959E1D2C0E5600A66D90 /* BlueViewController.swift */; };
		91C395A11D2C0E6D00A66D90 /* YellowViewController.swift in Sources */ = {isa = PBXBuildFile; fileRef = 91C395A01D2C0E6D00A66D90 /* YellowViewController.swift */; };
/* End PBXBuildFile section */

/* Begin PBXFileReference section */
		91C395871D2C098000A66D90 /* View Switcher.app */ = {isa = PBXFileReference; explicitFileType = wrapper.application; includeInIndex = 0; path = "View Switcher.app"; sourceTree = BUILT_PRODUCTS_DIR; };
		91C3958A1D2C098000A66D90 /* AppDelegate.swift */ = {isa = PBXFileReference; lastKnownFileType = sourcecode.swift; path = AppDelegate.swift; sourceTree = "<group>"; };
		91C3958F1D2C098000A66D90 /* Base */ = {isa = PBXFileReference; lastKnownFileType = file.storyboard; name = Base; path = Base.lproj/Main.storyboard; sourceTree = "<group>"; };
		91C395911D2C098000A66D90 /* Assets.xcassets */ = {isa = PBXFileReference; lastKnownFileType = folder.assetcatalog; path = Assets.xcassets; sourceTree = "<group>"; };
		91C395941D2C098000A66D90 /* Base */ = {isa = PBXFileReference; lastKnownFileType = file.storyboard; name = Base; path = Base.lproj/LaunchScreen.storyboard; sourceTree = "<group>"; };
		91C395961D2C098000A66D90 /* Info.plist */ = {isa = PBXFileReference; lastKnownFileType = text.plist.xml; path = Info.plist; sourceTree = "<group>"; };
		91C3959C1D2C0AF400A66D90 /* SwitchingViewController.swift */ = {isa = PBXFileReference; fileEncoding = 4; lastKnownFileType = sourcecode.swift; path = SwitchingViewController.swift; sourceTree = "<group>"; };
		91C3959E1D2C0E5600A66D90 /* BlueViewController.swift */ = {isa = PBXFileReference; fileEncoding = 4; lastKnownFileType = sourcecode.swift; name = BlueViewController.swift; path = ../BlueViewController.swift; sourceTree = "<group>"; };
		91C395A01D2C0E6D00A66D90 /* YellowViewController.swift */ = {isa = PBXFileReference; fileEncoding = 4; lastKnownFileType = sourcecode.swift; path = YellowViewController.swift; sourceTree = "<group>"; };
/* End PBXFileReference section */

/* Begin PBXFrameworksBuildPhase section */
		91C395841D2C098000A66D90 /* Frameworks */ = {
			isa = PBXFrameworksBuildPhase;
			buildActionMask = 2147483647;
			files = (
			);
			runOnlyForDeploymentPostprocessing = 0;
		};
/* End PBXFrameworksBuildPhase section */

/* Begin PBXGroup section */
		91C3957E1D2C098000A66D90 = {
			isa = PBXGroup;
			children = (
				91C395891D2C098000A66D90 /* View Switcher */,
				91C395881D2C098000A66D90 /* Products */,
			);
			sourceTree = "<group>";
		};
		91C395881D2C098000A66D90 /* Products */ = {
			isa = PBXGroup;
			children = (
				91C395871D2C098000A66D90 /* View Switcher.app */,
			);
			name = Products;
			sourceTree = "<group>";
		};
		91C395891D2C098000A66D90 /* View Switcher */ = {
			isa = PBXGroup;
			children = (
				91C395A01D2C0E6D00A66D90 /* YellowViewController.swift */,
				91C3959E1D2C0E5600A66D90 /* BlueViewController.swift */,
				91C3959C1D2C0AF400A66D90 /* SwitchingViewController.swift */,
				91C3958A1D2C098000A66D90 /* AppDelegate.swift */,
				91C3958E1D2C098000A66D90 /* Main.storyboard */,
				91C395911D2C098000A66D90 /* Assets.xcassets */,
				91C395931D2C098000A66D90 /* LaunchScreen.storyboard */,
				91C395961D2C098000A66D90 /* Info.plist */,
			);
			path = "View Switcher";
			sourceTree = "<group>";
		};
/* End PBXGroup section */

/* Begin PBXNativeTarget section */
		91C395861D2C098000A66D90 /* View Switcher */ = {
			isa = PBXNativeTarget;
			buildConfigurationList = 91C395991D2C098000A66D90 /* Build configuration list for PBXNativeTarget "View Switcher" */;
			buildPhases = (
				91C395831D2C098000A66D90 /* Sources */,
				91C395841D2C098000A66D90 /* Frameworks */,
				91C395851D2C098000A66D90 /* Resources */,
			);
			buildRules = (
			);
			dependencies = (
			);
			name = "View Switcher";
			productName = "View Switcher";
			productReference = 91C395871D2C098000A66D90 /* View Switcher.app */;
			productType = "com.apple.product-type.application";
		};
/* End PBXNativeTarget section */

/* Begin PBXProject section */
		91C3957F1D2C098000A66D90 /* Project object */ = {
			isa = PBXProject;
			attributes = {
				LastSwiftUpdateCheck = 0800;
				LastUpgradeCheck = 0800;
				ORGANIZATIONNAME = MollyMaskrey;
				TargetAttributes = {
					91C395861D2C098000A66D90 = {
						CreatedOnToolsVersion = 8.0;
						DevelopmentTeam = W3TQ3J976L;
						DevelopmentTeamName = "Molly Maskrey";
						ProvisioningStyle = Automatic;
					};
				};
			};
			buildConfigurationList = 91C395821D2C098000A66D90 /* Build configuration list for PBXProject "View Switcher" */;
			compatibilityVersion = "Xcode 3.2";
			developmentRegion = English;
			hasScannedForEncodings = 0;
			knownRegions = (
				en,
				Base,
			);
			mainGroup = 91C3957E1D2C098000A66D90;
			productRefGroup = 91C395881D2C098000A66D90 /* Products */;
			projectDirPath = "";
			projectRoot = "";
			targets = (
				91C395861D2C098000A66D90 /* View Switcher */,
			);
		};
/* End PBXProject section */

/* Begin PBXResourcesBuildPhase section */
		91C395851D2C098000A66D90 /* Resources */ = {
			isa = PBXResourcesBuildPhase;
			buildActionMask = 2147483647;
			files = (
				91C395951D2C098000A66D90 /* LaunchScreen.storyboard in Resources */,
				91C395921D2C098000A66D90 /* Assets.xcassets in Resources */,
				91C395901D2C098000A66D90 /* Main.storyboard in Resources */,
			);
			runOnlyForDeploymentPostprocessing = 0;
		};
/* End PBXResourcesBuildPhase section */

/* Begin PBXSourcesBuildPhase section */
		91C395831D2C098000A66D90 /* Sources */ = {
			isa = PBXSourcesBuildPhase;
			buildActionMask = 2147483647;
			files = (
				91C395A11D2C0E6D00A66D90 /* YellowViewController.swift in Sources */,
				91C3958B1D2C098000A66D90 /* AppDelegate.swift in Sources */,
				91C3959F1D2C0E5600A66D90 /* BlueViewController.swift in Sources */,
				91C3959D1D2C0AF400A66D90 /* SwitchingViewController.swift in Sources */,
			);
			runOnlyForDeploymentPostprocessing = 0;
		};
/* End PBXSourcesBuildPhase section */

/* Begin PBXVariantGroup section */
		91C3958E1D2C098000A66D90 /* Main.storyboard */ = {
			isa = PBXVariantGroup;
			children = (
				91C3958F1D2C098000A66D90 /* Base */,
			);
			name = Main.storyboard;
			sourceTree = "<group>";
		};
		91C395931D2C098000A66D90 /* LaunchScreen.storyboard */ = {
			isa = PBXVariantGroup;
			children = (
				91C395941D2C098000A66D90 /* Base */,
			);
			name = LaunchScreen.storyboard;
			sourceTree = "<group>";
		};
/* End PBXVariantGroup section */

/* Begin XCBuildConfiguration section */
		91C395971D2C098000A66D90 /* Debug */ = {
			isa = XCBuildConfiguration;
			buildSettings = {
				ALWAYS_SEARCH_USER_PATHS = NO;
				CLANG_ANALYZER_NONNULL = YES;
				CLANG_CXX_LANGUAGE_STANDARD = "gnu++0x";
				CLANG_CXX_LIBRARY = "libc++";
				CLANG_ENABLE_MODULES = YES;
				CLANG_ENABLE_OBJC_ARC = YES;
				CLANG_WARN_BOOL_CONVERSION = YES;
				CLANG_WARN_CONSTANT_CONVERSION = YES;
				CLANG_WARN_DIRECT_OBJC_ISA_USAGE = YES_ERROR;
				CLANG_WARN_DOCUMENTATION_COMMENTS = YES;
				CLANG_WARN_EMPTY_BODY = YES;
				CLANG_WARN_ENUM_CONVERSION = YES;
				CLANG_WARN_INT_CONVERSION = YES;
				CLANG_WARN_OBJC_ROOT_CLASS = YES_ERROR;
				CLANG_WARN_UNREACHABLE_CODE = YES;
				CLANG_WARN__DUPLICATE_METHOD_MATCH = YES;
				"CODE_SIGN_IDENTITY[sdk=iphoneos*]" = "iPhone Developer";
				COPY_PHASE_STRIP = NO;
				DEBUG_INFORMATION_FORMAT = dwarf;
				ENABLE_STRICT_OBJC_MSGSEND = YES;
				ENABLE_TESTABILITY = YES;
				GCC_C_LANGUAGE_STANDARD = gnu99;
				GCC_DYNAMIC_NO_PIC = NO;
				GCC_NO_COMMON_BLOCKS = YES;
				GCC_OPTIMIZATION_LEVEL = 0;
				GCC_PREPROCESSOR_DEFINITIONS = (
					"DEBUG=1",
					"$(inherited)",
				);
				GCC_WARN_64_TO_32_BIT_CONVERSION = YES;
				GCC_WARN_ABOUT_RETURN_TYPE = YES_ERROR;
				GCC_WARN_UNDECLARED_SELECTOR = YES;
				GCC_WARN_UNINITIALIZED_AUTOS = YES_AGGRESSIVE;
				GCC_WARN_UNUSED_FUNCTION = YES;
				GCC_WARN_UNUSED_VARIABLE = YES;
				IPHONEOS_DEPLOYMENT_TARGET = 10.0;
				MTL_ENABLE_DEBUG_INFO = YES;
				ONLY_ACTIVE_ARCH = YES;
				SDKROOT = iphoneos;
				SWIFT_ACTIVE_COMPILATION_CONDITIONS = DEBUG;
				SWIFT_OPTIMIZATION_LEVEL = "-Onone";
				TARGETED_DEVICE_FAMILY = "1,2";
			};
			name = Debug;
		};
		91C395981D2C098000A66D90 /* Release */ = {
			isa = XCBuildConfiguration;
			buildSettings = {
				ALWAYS_SEARCH_USER_PATHS = NO;
				CLANG_ANALYZER_NONNULL = YES;
				CLANG_CXX_LANGUAGE_STANDARD = "gnu++0x";
				CLANG_CXX_LIBRARY = "libc++";
				CLANG_ENABLE_MODULES = YES;
				CLANG_ENABLE_OBJC_ARC = YES;
				CLANG_WARN_BOOL_CONVERSION = YES;
				CLANG_WARN_CONSTANT_CONVERSION = YES;
				CLANG_WARN_DIRECT_OBJC_ISA_USAGE = YES_ERROR;
				CLANG_WARN_DOCUMENTATION_COMMENTS = YES;
				CLANG_WARN_EMPTY_BODY = YES;
				CLANG_WARN_ENUM_CONVERSION = YES;
				CLANG_WARN_INT_CONVERSION = YES;
				CLANG_WARN_OBJC_ROOT_CLASS = YES_ERROR;
				CLANG_WARN_UNREACHABLE_CODE = YES;
				CLANG_WARN__DUPLICATE_METHOD_MATCH = YES;
				"CODE_SIGN_IDENTITY[sdk=iphoneos*]" = "iPhone Developer";
				COPY_PHASE_STRIP = NO;
				DEBUG_INFORMATION_FORMAT = "dwarf-with-dsym";
				ENABLE_NS_ASSERTIONS = NO;
				ENABLE_STRICT_OBJC_MSGSEND = YES;
				GCC_C_LANGUAGE_STANDARD = gnu99;
				GCC_NO_COMMON_BLOCKS = YES;
				GCC_WARN_64_TO_32_BIT_CONVERSION = YES;
				GCC_WARN_ABOUT_RETURN_TYPE = YES_ERROR;
				GCC_WARN_UNDECLARED_SELECTOR = YES;
				GCC_WARN_UNINITIALIZED_AUTOS = YES_AGGRESSIVE;
				GCC_WARN_UNUSED_FUNCTION = YES;
				GCC_WARN_UNUSED_VARIABLE = YES;
				IPHONEOS_DEPLOYMENT_TARGET = 10.0;
				MTL_ENABLE_DEBUG_INFO = NO;
				SDKROOT = iphoneos;
				SWIFT_OPTIMIZATION_LEVEL = "-Owholemodule";
				TARGETED_DEVICE_FAMILY = "1,2";
				VALIDATE_PRODUCT = YES;
			};
			name = Release;
		};
		91C3959A1D2C098000A66D90 /* Debug */ = {
			isa = XCBuildConfiguration;
			buildSettings = {
				ASSETCATALOG_COMPILER_APPICON_NAME = AppIcon;
				INFOPLIST_FILE = "View Switcher/Info.plist";
				LD_RUNPATH_SEARCH_PATHS = "$(inherited) @executable_path/Frameworks";
				PRODUCT_BUNDLE_IDENTIFIER = "com.mollymaskrey.View-Switcher";
				PRODUCT_NAME = "$(TARGET_NAME)";
				SWIFT_VERSION = 3.0;
			};
			name = Debug;
		};
		91C3959B1D2C098000A66D90 /* Release */ = {
			isa = XCBuildConfiguration;
			buildSettings = {
				ASSETCATALOG_COMPILER_APPICON_NAME = AppIcon;
				INFOPLIST_FILE = "View Switcher/Info.plist";
				LD_RUNPATH_SEARCH_PATHS = "$(inherited) @executable_path/Frameworks";
				PRODUCT_BUNDLE_IDENTIFIER = "com.mollymaskrey.View-Switcher";
				PRODUCT_NAME = "$(TARGET_NAME)";
				SWIFT_VERSION = 3.0;
			};
			name = Release;
		};
/* End XCBuildConfiguration section */

/* Begin XCConfigurationList section */
		91C395821D2C098000A66D90 /* Build configuration list for PBXProject "View Switcher" */ = {
			isa = XCConfigurationList;
			buildConfigurations = (
				91C395971D2C098000A66D90 /* Debug */,
				91C395981D2C098000A66D90 /* Release */,
			);
			defaultConfigurationIsVisible = 0;
			defaultConfigurationName = Release;
		};
		91C395991D2C098000A66D90 /* Build configuration list for PBXNativeTarget "View Switcher" */ = {
			isa = XCConfigurationList;
			buildConfigurations = (
				91C3959A1D2C098000A66D90 /* Debug */,
				91C3959B1D2C098000A66D90 /* Release */,
			);
			defaultConfigurationIsVisible = 0;
		};
/* End XCConfigurationList section */
	};
	rootObject = 91C3957F1D2C098000A66D90 /* Project object */;
}
